# This file is autogenerated, do not edit; changes may be undone by the next 'dep ensure'.


[[projects]]
  branch = "master"
  name = "github.com/eclipse/paho.mqtt.golang"
  packages = [
    ".",
    "packets"
  ]
  revision = "54767d4b481181b7ad634c825dbabbdaca11eaf5"

[[projects]]
  branch = "master"
  name = "github.com/emitter-io/go"
  packages = ["v2"]
  revision = "0bd5959ef4b933acf64ad27489fd616dcf4825df"

[[projects]]
  branch = "master"
  name = "golang.org/x/net"
  packages = [
    "internal/socks",
    "proxy",
    "websocket"
  ]
  revision = "eb5bcb51f2a31c7d5141d810b70815c05d9c9146"

[solve-meta]
  analyzer-name = "dep"
  analyzer-version = 1
  inputs-digest = "4224bb61cecec41ca53d5bf6e605bf192e03953329f6da267e27ff6d9c7ef896"
  solver-name = "gps-cdcl"
  solver-version = 1
